
Microsoft Visual Studio Solution File, Format Version 12.00
# Visual Studio Version 16
VisualStudioVersion = 16.0.31515.178
MinimumVisualStudioVersion = 10.0.40219.1
Project("{FAE04EC0-301F-11D3-BF4B-00C04F79EFBC}") = "SSY_Project", "SSY_Project.csproj", "{6DB44612-9ABC-4B8C-B25F-448D26BBF981}"
EndProject
Global
	GlobalSection(SolutionConfigurationPlatforms) = preSolution
		Debug|Any CPU = Debug|Any CPU
		Release|Any CPU = Release|Any CPU
	EndGlobalSection
	GlobalSection(ProjectConfigurationPlatforms) = postSolution
		{6DB44612-9ABC-4B8C-B25F-448D26BBF981}.Debug|Any CPU.ActiveCfg = Debug|Any CPU
		{6DB44612-9ABC-4B8C-B25F-448D26BBF981}.Debug|Any CPU.Build.0 = Debug|Any CPU
		{6DB44612-9ABC-4B8C-B25F-448D26BBF981}.Release|Any CPU.ActiveCfg = Release|Any CPU
		{6DB44612-9ABC-4B8C-B25F-448D26BBF981}.Release|Any CPU.Build.0 = Release|Any CPU
	EndGlobalSection
	GlobalSection(SolutionProperties) = preSolution
		HideSolutionNode = FALSE
	EndGlobalSection
	GlobalSection(ExtensibilityGlobals) = postSolution
		SolutionGuid = {4E911097-D703-4983-AB3E-811D8D0FB070}
	EndGlobalSection
EndGlobal
